
Microsoft Visual Studio Solution File, Format Version 12.00
# Visual Studio 15
VisualStudioVersion = 15.0.26124.0
MinimumVisualStudioVersion = 15.0.26124.0
Project("{2150E333-8FDC-42A3-9474-1A3956D46DE8}") = "src", "src", "{0D8DDEA3-719B-4BAE-A685-BD06440680CE}"
EndProject
Project("{FAE04EC0-301F-11D3-BF4B-00C04F79EFBC}") = "ArmConcat", "src\ArmConcat\ArmConcat.csproj", "{55D43D1D-E20D-46F5-9161-670526E7FF08}"
EndProject
Project("{FAE04EC0-301F-11D3-BF4B-00C04F79EFBC}") = "ArmConcat.UnitTests", "src\ArmConcat.UnitTests\ArmConcat.UnitTests.csproj", "{B7D36CD2-D1AF-4453-B34A-E5247CCD45F4}"
EndProject
Global
	GlobalSection(SolutionConfigurationPlatforms) = preSolution
		Debug|Any CPU = Debug|Any CPU
		Debug|x64 = Debug|x64
		Debug|x86 = Debug|x86
		Release|Any CPU = Release|Any CPU
		Release|x64 = Release|x64
		Release|x86 = Release|x86
	EndGlobalSection
	GlobalSection(SolutionProperties) = preSolution
		HideSolutionNode = FALSE
	EndGlobalSection
	GlobalSection(ProjectConfigurationPlatforms) = postSolution
		{55D43D1D-E20D-46F5-9161-670526E7FF08}.Debug|Any CPU.ActiveCfg = Debug|Any CPU
		{55D43D1D-E20D-46F5-9161-670526E7FF08}.Debug|Any CPU.Build.0 = Debug|Any CPU
		{55D43D1D-E20D-46F5-9161-670526E7FF08}.Debug|x64.ActiveCfg = Debug|Any CPU
		{55D43D1D-E20D-46F5-9161-670526E7FF08}.Debug|x64.Build.0 = Debug|Any CPU
		{55D43D1D-E20D-46F5-9161-670526E7FF08}.Debug|x86.ActiveCfg = Debug|Any CPU
		{55D43D1D-E20D-46F5-9161-670526E7FF08}.Debug|x86.Build.0 = Debug|Any CPU
		{55D43D1D-E20D-46F5-9161-670526E7FF08}.Release|Any CPU.ActiveCfg = Release|Any CPU
		{55D43D1D-E20D-46F5-9161-670526E7FF08}.Release|Any CPU.Build.0 = Release|Any CPU
		{55D43D1D-E20D-46F5-9161-670526E7FF08}.Release|x64.ActiveCfg = Release|Any CPU
		{55D43D1D-E20D-46F5-9161-670526E7FF08}.Release|x64.Build.0 = Release|Any CPU
		{55D43D1D-E20D-46F5-9161-670526E7FF08}.Release|x86.ActiveCfg = Release|Any CPU
		{55D43D1D-E20D-46F5-9161-670526E7FF08}.Release|x86.Build.0 = Release|Any CPU
		{B7D36CD2-D1AF-4453-B34A-E5247CCD45F4}.Debug|Any CPU.ActiveCfg = Debug|Any CPU
		{B7D36CD2-D1AF-4453-B34A-E5247CCD45F4}.Debug|Any CPU.Build.0 = Debug|Any CPU
		{B7D36CD2-D1AF-4453-B34A-E5247CCD45F4}.Debug|x64.ActiveCfg = Debug|Any CPU
		{B7D36CD2-D1AF-4453-B34A-E5247CCD45F4}.Debug|x64.Build.0 = Debug|Any CPU
		{B7D36CD2-D1AF-4453-B34A-E5247CCD45F4}.Debug|x86.ActiveCfg = Debug|Any CPU
		{B7D36CD2-D1AF-4453-B34A-E5247CCD45F4}.Debug|x86.Build.0 = Debug|Any CPU
		{B7D36CD2-D1AF-4453-B34A-E5247CCD45F4}.Release|Any CPU.ActiveCfg = Release|Any CPU
		{B7D36CD2-D1AF-4453-B34A-E5247CCD45F4}.Release|Any CPU.Build.0 = Release|Any CPU
		{B7D36CD2-D1AF-4453-B34A-E5247CCD45F4}.Release|x64.ActiveCfg = Release|Any CPU
		{B7D36CD2-D1AF-4453-B34A-E5247CCD45F4}.Release|x64.Build.0 = Release|Any CPU
		{B7D36CD2-D1AF-4453-B34A-E5247CCD45F4}.Release|x86.ActiveCfg = Release|Any CPU
		{B7D36CD2-D1AF-4453-B34A-E5247CCD45F4}.Release|x86.Build.0 = Release|Any CPU
	EndGlobalSection
	GlobalSection(NestedProjects) = preSolution
		{55D43D1D-E20D-46F5-9161-670526E7FF08} = {0D8DDEA3-719B-4BAE-A685-BD06440680CE}
		{B7D36CD2-D1AF-4453-B34A-E5247CCD45F4} = {0D8DDEA3-719B-4BAE-A685-BD06440680CE}
	EndGlobalSection
EndGlobal
